
Microsoft Visual Studio Solution File, Format Version 12.00
# Visual Studio Version 17
VisualStudioVersion = 17.11.35312.102
MinimumVisualStudioVersion = 10.0.40219.1
Project("{FAE04EC0-301F-11D3-BF4B-00C04F79EFBC}") = "дз_1.3", "дз_1.3.csproj", "{1E09C111-B97B-4BCA-A933-ED217798DD33}"
EndProject
Global
	GlobalSection(SolutionConfigurationPlatforms) = preSolution
		Debug|Any CPU = Debug|Any CPU
		Release|Any CPU = Release|Any CPU
	EndGlobalSection
	GlobalSection(ProjectConfigurationPlatforms) = postSolution
		{1E09C111-B97B-4BCA-A933-ED217798DD33}.Debug|Any CPU.ActiveCfg = Debug|Any CPU
		{1E09C111-B97B-4BCA-A933-ED217798DD33}.Debug|Any CPU.Build.0 = Debug|Any CPU
		{1E09C111-B97B-4BCA-A933-ED217798DD33}.Release|Any CPU.ActiveCfg = Release|Any CPU
		{1E09C111-B97B-4BCA-A933-ED217798DD33}.Release|Any CPU.Build.0 = Release|Any CPU
	EndGlobalSection
	GlobalSection(SolutionProperties) = preSolution
		HideSolutionNode = FALSE
	EndGlobalSection
	GlobalSection(ExtensibilityGlobals) = postSolution
		SolutionGuid = {1B51A1B4-EBF5-4178-A457-9DBC792C69A8}
	EndGlobalSection
EndGlobal
