
Microsoft Visual Studio Solution File, Format Version 12.00
# Visual Studio Version 17
VisualStudioVersion = 17.11.35312.102
MinimumVisualStudioVersion = 10.0.40219.1
Project("{FAE04EC0-301F-11D3-BF4B-00C04F79EFBC}") = "КЗ_3.3", "КЗ_3.3.csproj", "{CDFF202A-7CFD-41CE-96D6-C297443B3C4C}"
EndProject
Global
	GlobalSection(SolutionConfigurationPlatforms) = preSolution
		Debug|Any CPU = Debug|Any CPU
		Release|Any CPU = Release|Any CPU
	EndGlobalSection
	GlobalSection(ProjectConfigurationPlatforms) = postSolution
		{CDFF202A-7CFD-41CE-96D6-C297443B3C4C}.Debug|Any CPU.ActiveCfg = Debug|Any CPU
		{CDFF202A-7CFD-41CE-96D6-C297443B3C4C}.Debug|Any CPU.Build.0 = Debug|Any CPU
		{CDFF202A-7CFD-41CE-96D6-C297443B3C4C}.Release|Any CPU.ActiveCfg = Release|Any CPU
		{CDFF202A-7CFD-41CE-96D6-C297443B3C4C}.Release|Any CPU.Build.0 = Release|Any CPU
	EndGlobalSection
	GlobalSection(SolutionProperties) = preSolution
		HideSolutionNode = FALSE
	EndGlobalSection
	GlobalSection(ExtensibilityGlobals) = postSolution
		SolutionGuid = {549AD5DA-4DB0-492C-8424-436AF6E6B006}
	EndGlobalSection
EndGlobal
